
Microsoft Visual Studio Solution File, Format Version 12.00
# Visual Studio Version 17
VisualStudioVersion = 17.14.36310.24 d17.14
MinimumVisualStudioVersion = 10.0.40219.1
Project("{FAE04EC0-301F-11D3-BF4B-00C04F79EFBC}") = "BlazorApp1", "BlazorApp1.csproj", "{7A6F4DC3-50F4-4F32-AD71-EE0AE4E6A60F}"
EndProject
Global
	GlobalSection(SolutionConfigurationPlatforms) = preSolution
		Debug|Any CPU = Debug|Any CPU
		Release|Any CPU = Release|Any CPU
	EndGlobalSection
	GlobalSection(ProjectConfigurationPlatforms) = postSolution
		{7A6F4DC3-50F4-4F32-AD71-EE0AE4E6A60F}.Debug|Any CPU.ActiveCfg = Debug|Any CPU
		{7A6F4DC3-50F4-4F32-AD71-EE0AE4E6A60F}.Debug|Any CPU.Build.0 = Debug|Any CPU
		{7A6F4DC3-50F4-4F32-AD71-EE0AE4E6A60F}.Release|Any CPU.ActiveCfg = Release|Any CPU
		{7A6F4DC3-50F4-4F32-AD71-EE0AE4E6A60F}.Release|Any CPU.Build.0 = Release|Any CPU
	EndGlobalSection
	GlobalSection(SolutionProperties) = preSolution
		HideSolutionNode = FALSE
	EndGlobalSection
	GlobalSection(ExtensibilityGlobals) = postSolution
		SolutionGuid = {EC2C7BC8-C3FB-4406-996D-1F5EA0F6BE86}
	EndGlobalSection
EndGlobal
